
Microsoft Visual Studio Solution File, Format Version 12.00
# Visual Studio Version 16
VisualStudioVersion = 16.0.30413.136
MinimumVisualStudioVersion = 10.0.40219.1
Project("{9A19103F-16F7-4668-BE54-9A1E7A4F7556}") = "CodeChallenges", "CodeChallenges\CodeChallenges.csproj", "{49667B1B-99E9-40AD-A165-8474123298B0}"
EndProject
Project("{9A19103F-16F7-4668-BE54-9A1E7A4F7556}") = "Challenges.Tests", "Challenges.Tests\Challenges.Tests.csproj", "{AE8363BC-6557-4D20-811F-3ED061D58500}"
EndProject
Project("{9A19103F-16F7-4668-BE54-9A1E7A4F7556}") = "DataStructures", "DataStructures\DataStructures.csproj", "{1E3DC9C8-6748-4B94-9FEF-51C1DE0C3E2C}"
EndProject
Project("{9A19103F-16F7-4668-BE54-9A1E7A4F7556}") = "DataStructures.Tests", "DataStructures.Tests\DataStructures.Tests.csproj", "{FD8F92BE-508A-4ECE-9066-0C3282165807}"
EndProject
Project("{2150E333-8FDC-42A3-9474-1A3956D46DE8}") = "challenges", "challenges", "{7883B608-1DFB-4B2B-BF59-F4CE269E92B6}"
	ProjectSection(SolutionItems) = preProject
		LLZip.cs = LLZip.cs
	EndProjectSection
EndProject
Global
	GlobalSection(SolutionConfigurationPlatforms) = preSolution
		Debug|Any CPU = Debug|Any CPU
		Release|Any CPU = Release|Any CPU
	EndGlobalSection
	GlobalSection(ProjectConfigurationPlatforms) = postSolution
		{49667B1B-99E9-40AD-A165-8474123298B0}.Debug|Any CPU.ActiveCfg = Debug|Any CPU
		{49667B1B-99E9-40AD-A165-8474123298B0}.Debug|Any CPU.Build.0 = Debug|Any CPU
		{49667B1B-99E9-40AD-A165-8474123298B0}.Release|Any CPU.ActiveCfg = Release|Any CPU
		{49667B1B-99E9-40AD-A165-8474123298B0}.Release|Any CPU.Build.0 = Release|Any CPU
		{AE8363BC-6557-4D20-811F-3ED061D58500}.Debug|Any CPU.ActiveCfg = Debug|Any CPU
		{AE8363BC-6557-4D20-811F-3ED061D58500}.Debug|Any CPU.Build.0 = Debug|Any CPU
		{AE8363BC-6557-4D20-811F-3ED061D58500}.Release|Any CPU.ActiveCfg = Release|Any CPU
		{AE8363BC-6557-4D20-811F-3ED061D58500}.Release|Any CPU.Build.0 = Release|Any CPU
		{1E3DC9C8-6748-4B94-9FEF-51C1DE0C3E2C}.Debug|Any CPU.ActiveCfg = Debug|Any CPU
		{1E3DC9C8-6748-4B94-9FEF-51C1DE0C3E2C}.Debug|Any CPU.Build.0 = Debug|Any CPU
		{1E3DC9C8-6748-4B94-9FEF-51C1DE0C3E2C}.Release|Any CPU.ActiveCfg = Release|Any CPU
		{1E3DC9C8-6748-4B94-9FEF-51C1DE0C3E2C}.Release|Any CPU.Build.0 = Release|Any CPU
		{FD8F92BE-508A-4ECE-9066-0C3282165807}.Debug|Any CPU.ActiveCfg = Debug|Any CPU
		{FD8F92BE-508A-4ECE-9066-0C3282165807}.Debug|Any CPU.Build.0 = Debug|Any CPU
		{FD8F92BE-508A-4ECE-9066-0C3282165807}.Release|Any CPU.ActiveCfg = Release|Any CPU
		{FD8F92BE-508A-4ECE-9066-0C3282165807}.Release|Any CPU.Build.0 = Release|Any CPU
	EndGlobalSection
	GlobalSection(SolutionProperties) = preSolution
		HideSolutionNode = FALSE
	EndGlobalSection
	GlobalSection(ExtensibilityGlobals) = postSolution
		SolutionGuid = {41BD91A0-6A38-47F7-BB3D-109211775D54}
	EndGlobalSection
EndGlobal
